
Microsoft Visual Studio Solution File, Format Version 12.00
# Visual Studio Version 16
VisualStudioVersion = 16.0.29926.136
MinimumVisualStudioVersion = 10.0.40219.1
Project("{FAE04EC0-301F-11D3-BF4B-00C04F79EFBC}") = "TranslateTest", "TranslateTest\TranslateTest.csproj", "{42AF3D75-3E29-4ADC-9334-B6EB960116A3}"
EndProject
Project("{FAE04EC0-301F-11D3-BF4B-00C04F79EFBC}") = "BrowserCrawl", "BrowserCrawlTest\BrowserCrawl.csproj", "{6470D283-F5AA-416F-8ECE-4C0C284E04DE}"
EndProject
Global
	GlobalSection(SolutionConfigurationPlatforms) = preSolution
		Debug|Any CPU = Debug|Any CPU
		Release|Any CPU = Release|Any CPU
	EndGlobalSection
	GlobalSection(ProjectConfigurationPlatforms) = postSolution
		{42AF3D75-3E29-4ADC-9334-B6EB960116A3}.Debug|Any CPU.ActiveCfg = Debug|Any CPU
		{42AF3D75-3E29-4ADC-9334-B6EB960116A3}.Debug|Any CPU.Build.0 = Debug|Any CPU
		{42AF3D75-3E29-4ADC-9334-B6EB960116A3}.Release|Any CPU.ActiveCfg = Release|Any CPU
		{42AF3D75-3E29-4ADC-9334-B6EB960116A3}.Release|Any CPU.Build.0 = Release|Any CPU
		{6470D283-F5AA-416F-8ECE-4C0C284E04DE}.Debug|Any CPU.ActiveCfg = Debug|Any CPU
		{6470D283-F5AA-416F-8ECE-4C0C284E04DE}.Debug|Any CPU.Build.0 = Debug|Any CPU
		{6470D283-F5AA-416F-8ECE-4C0C284E04DE}.Release|Any CPU.ActiveCfg = Release|Any CPU
		{6470D283-F5AA-416F-8ECE-4C0C284E04DE}.Release|Any CPU.Build.0 = Release|Any CPU
	EndGlobalSection
	GlobalSection(SolutionProperties) = preSolution
		HideSolutionNode = FALSE
	EndGlobalSection
	GlobalSection(ExtensibilityGlobals) = postSolution
		SolutionGuid = {14DDFE24-FB38-4268-983D-E146B3B35B30}
	EndGlobalSection
EndGlobal
